
Microsoft Visual Studio Solution File, Format Version 12.00
# Visual Studio Version 17
VisualStudioVersion = 17.4.33110.190
MinimumVisualStudioVersion = 10.0.40219.1
Project("{FAE04EC0-301F-11D3-BF4B-00C04F79EFBC}") = "ReflectionPOOUniversidade", "ReflectionPOOUniversidade\ReflectionPOOUniversidade.csproj", "{A1CC4D20-DC61-4AE1-9C87-14FAC18EF0CC}"
EndProject
Global
	GlobalSection(SolutionConfigurationPlatforms) = preSolution
		Debug|Any CPU = Debug|Any CPU
		Release|Any CPU = Release|Any CPU
	EndGlobalSection
	GlobalSection(ProjectConfigurationPlatforms) = postSolution
		{A1CC4D20-DC61-4AE1-9C87-14FAC18EF0CC}.Debug|Any CPU.ActiveCfg = Debug|Any CPU
		{A1CC4D20-DC61-4AE1-9C87-14FAC18EF0CC}.Debug|Any CPU.Build.0 = Debug|Any CPU
		{A1CC4D20-DC61-4AE1-9C87-14FAC18EF0CC}.Release|Any CPU.ActiveCfg = Release|Any CPU
		{A1CC4D20-DC61-4AE1-9C87-14FAC18EF0CC}.Release|Any CPU.Build.0 = Release|Any CPU
	EndGlobalSection
	GlobalSection(SolutionProperties) = preSolution
		HideSolutionNode = FALSE
	EndGlobalSection
	GlobalSection(ExtensibilityGlobals) = postSolution
		SolutionGuid = {C6CAC8B5-97C6-4D0D-A348-E4D746EF5984}
	EndGlobalSection
EndGlobal
